// !$*UTF8*$!
{
	archiveVersion = 1;
	classes = {
	};
	objectVersion = 46;
	objects = {

/* Begin PBXBuildFile section */
		D03AFCDA1964ED2F00A9BF4E /* cocos-Bridge-Contents.h in Headers */ = {isa = PBXBuildFile; fileRef = D03AFCD71964ED2F00A9BF4E /* cocos-Bridge-Contents.h */; };
		D03AFCDB1964ED2F00A9BF4E /* cocos-iOS-Bridging-Header.h in Headers */ = {isa = PBXBuildFile; fileRef = D03AFCD81964ED2F00A9BF4E /* cocos-iOS-Bridging-Header.h */; };
		D03AFCDC1964ED2F00A9BF4E /* cocos-Mac-Bridging-Header.h in Headers */ = {isa = PBXBuildFile; fileRef = D03AFCD91964ED2F00A9BF4E /* cocos-Mac-Bridging-Header.h */; };
		D03AFCE21964EE6100A9BF4E /* Debug.swift in Sources */ = {isa = PBXBuildFile; fileRef = D03AFCE11964EE6100A9BF4E /* Debug.swift */; };
		D03AFCE31964EE6100A9BF4E /* Debug.swift in Sources */ = {isa = PBXBuildFile; fileRef = D03AFCE11964EE6100A9BF4E /* Debug.swift */; };
		D048E3431964A6E500530995 /* Acceleration.h in Headers */ = {isa = PBXBuildFile; fileRef = D048E3171964A6E500530995 /* Acceleration.h */; };
		D048E3441964A6E500530995 /* Acceleration.mm in Sources */ = {isa = PBXBuildFile; fileRef = D048E3181964A6E500530995 /* Acceleration.mm */; };
		D048E3451964A6E500530995 /* Acceleration.mm in Sources */ = {isa = PBXBuildFile; fileRef = D048E3181964A6E500530995 /* Acceleration.mm */; };
		D048E3461964A6E500530995 /* Action.h in Headers */ = {isa = PBXBuildFile; fileRef = D048E3191964A6E500530995 /* Action.h */; };
		D048E3471964A6E500530995 /* Action.mm in Sources */ = {isa = PBXBuildFile; fileRef = D048E31A1964A6E500530995 /* Action.mm */; };
		D048E3481964A6E500530995 /* Action.mm in Sources */ = {isa = PBXBuildFile; fileRef = D048E31A1964A6E500530995 /* Action.mm */; };
		D048E3491964A6E500530995 /* ActionInterval.h in Headers */ = {isa = PBXBuildFile; fileRef = D048E31B1964A6E500530995 /* ActionInterval.h */; };
		D048E34A1964A6E500530995 /* ActionInterval.mm in Sources */ = {isa = PBXBuildFile; fileRef = D048E31C1964A6E500530995 /* ActionInterval.mm */; };
		D048E34B1964A6E500530995 /* ActionInterval.mm in Sources */ = {isa = PBXBuildFile; fileRef = D048E31C1964A6E500530995 /* ActionInterval.mm */; };
		D048E34C1964A6E500530995 /* ActionSequence.h in Headers */ = {isa = PBXBuildFile; fileRef = D048E31D1964A6E500530995 /* ActionSequence.h */; };
		D048E34D1964A6E500530995 /* ActionSequence.mm in Sources */ = {isa = PBXBuildFile; fileRef = D048E31E1964A6E500530995 /* ActionSequence.mm */; };
		D048E34E1964A6E500530995 /* ActionSequence.mm in Sources */ = {isa = PBXBuildFile; fileRef = D048E31E1964A6E500530995 /* ActionSequence.mm */; };
		D048E34F1964A6E500530995 /* Console.h in Headers */ = {isa = PBXBuildFile; fileRef = D048E31F1964A6E500530995 /* Console.h */; };
		D048E3501964A6E500530995 /* Console.mm in Sources */ = {isa = PBXBuildFile; fileRef = D048E3201964A6E500530995 /* Console.mm */; };
		D048E3511964A6E500530995 /* Console.mm in Sources */ = {isa = PBXBuildFile; fileRef = D048E3201964A6E500530995 /* Console.mm */; };
		D048E3521964A6E500530995 /* Director.h in Headers */ = {isa = PBXBuildFile; fileRef = D048E3211964A6E500530995 /* Director.h */; };
		D048E3531964A6E500530995 /* Director.mm in Sources */ = {isa = PBXBuildFile; fileRef = D048E3221964A6E500530995 /* Director.mm */; };
		D048E3541964A6E500530995 /* Director.mm in Sources */ = {isa = PBXBuildFile; fileRef = D048E3221964A6E500530995 /* Director.mm */; };
		D048E3551964A6E500530995 /* Event.h in Headers */ = {isa = PBXBuildFile; fileRef = D048E3231964A6E500530995 /* Event.h */; };
		D048E3561964A6E500530995 /* Event.mm in Sources */ = {isa = PBXBuildFile; fileRef = D048E3241964A6E500530995 /* Event.mm */; };
		D048E3571964A6E500530995 /* Event.mm in Sources */ = {isa = PBXBuildFile; fileRef = D048E3241964A6E500530995 /* Event.mm */; };
		D048E3581964A6E500530995 /* EventDispatcher.h in Headers */ = {isa = PBXBuildFile; fileRef = D048E3251964A6E500530995 /* EventDispatcher.h */; };
		D048E3591964A6E500530995 /* EventDispatcher.mm in Sources */ = {isa = PBXBuildFile; fileRef = D048E3261964A6E500530995 /* EventDispatcher.mm */; };
		D048E35A1964A6E500530995 /* EventDispatcher.mm in Sources */ = {isa = PBXBuildFile; fileRef = D048E3261964A6E500530995 /* EventDispatcher.mm */; };
		D048E35B1964A6E500530995 /* EventListener.h in Headers */ = {isa = PBXBuildFile; fileRef = D048E3271964A6E500530995 /* EventListener.h */; };
		D048E35C1964A6E500530995 /* EventListener.mm in Sources */ = {isa = PBXBuildFile; fileRef = D048E3281964A6E500530995 /* EventListener.mm */; };
		D048E35D1964A6E500530995 /* EventListener.mm in Sources */ = {isa = PBXBuildFile; fileRef = D048E3281964A6E500530995 /* EventListener.mm */; };
		D048E35E1964A6E500530995 /* EventListenerAcceleration.h in Headers */ = {isa = PBXBuildFile; fileRef = D048E3291964A6E500530995 /* EventListenerAcceleration.h */; };
		D048E35F1964A6E500530995 /* EventListenerAcceleration.mm in Sources */ = {isa = PBXBuildFile; fileRef = D048E32A1964A6E500530995 /* EventListenerAcceleration.mm */; };
		D048E3601964A6E500530995 /* EventListenerAcceleration.mm in Sources */ = {isa = PBXBuildFile; fileRef = D048E32A1964A6E500530995 /* EventListenerAcceleration.mm */; };
		D048E3611964A6E500530995 /* EventListenerKeyboard.h in Headers */ = {isa = PBXBuildFile; fileRef = D048E32B1964A6E500530995 /* EventListenerKeyboard.h */; };
		D048E3621964A6E500530995 /* EventListenerKeyboard.mm in Sources */ = {isa = PBXBuildFile; fileRef = D048E32C1964A6E500530995 /* EventListenerKeyboard.mm */; };
		D048E3631964A6E500530995 /* EventListenerKeyboard.mm in Sources */ = {isa = PBXBuildFile; fileRef = D048E32C1964A6E500530995 /* EventListenerKeyboard.mm */; };
		D048E3641964A6E500530995 /* EventListenerTouch.h in Headers */ = {isa = PBXBuildFile; fileRef = D048E32D1964A6E500530995 /* EventListenerTouch.h */; };
		D048E3651964A6E500530995 /* EventListenerTouch.mm in Sources */ = {isa = PBXBuildFile; fileRef = D048E32E1964A6E500530995 /* EventListenerTouch.mm */; };
		D048E3661964A6E500530995 /* EventListenerTouch.mm in Sources */ = {isa = PBXBuildFile; fileRef = D048E32E1964A6E500530995 /* EventListenerTouch.mm */; };
		D048E3671964A6E500530995 /* Label.h in Headers */ = {isa = PBXBuildFile; fileRef = D048E32F1964A6E500530995 /* Label.h */; };
		D048E3681964A6E500530995 /* Label.mm in Sources */ = {isa = PBXBuildFile; fileRef = D048E3301964A6E500530995 /* Label.mm */; };
		D048E3691964A6E500530995 /* Label.mm in Sources */ = {isa = PBXBuildFile; fileRef = D048E3301964A6E500530995 /* Label.mm */; };
		D048E36A1964A6E500530995 /* Layer.h in Headers */ = {isa = PBXBuildFile; fileRef = D048E3311964A6E500530995 /* Layer.h */; };
		D048E36B1964A6E500530995 /* Layer.mm in Sources */ = {isa = PBXBuildFile; fileRef = D048E3321964A6E500530995 /* Layer.mm */; };
		D048E36C1964A6E500530995 /* Layer.mm in Sources */ = {isa = PBXBuildFile; fileRef = D048E3321964A6E500530995 /* Layer.mm */; };
		D048E36D1964A6E500530995 /* Node.h in Headers */ = {isa = PBXBuildFile; fileRef = D048E3331964A6E500530995 /* Node.h */; };
		D048E36E1964A6E500530995 /* Node.mm in Sources */ = {isa = PBXBuildFile; fileRef = D048E3341964A6E500530995 /* Node.mm */; };
		D048E36F1964A6E500530995 /* Node.mm in Sources */ = {isa = PBXBuildFile; fileRef = D048E3341964A6E500530995 /* Node.mm */; };
		D048E3701964A6E500530995 /* Ref.h in Headers */ = {isa = PBXBuildFile; fileRef = D048E3351964A6E500530995 /* Ref.h */; };
		D048E3711964A6E500530995 /* Ref.mm in Sources */ = {isa = PBXBuildFile; fileRef = D048E3361964A6E500530995 /* Ref.mm */; };
		D048E3721964A6E500530995 /* Ref.mm in Sources */ = {isa = PBXBuildFile; fileRef = D048E3361964A6E500530995 /* Ref.mm */; };
		D048E3731964A6E500530995 /* Scene.h in Headers */ = {isa = PBXBuildFile; fileRef = D048E3371964A6E500530995 /* Scene.h */; };
		D048E3741964A6E500530995 /* Scene.mm in Sources */ = {isa = PBXBuildFile; fileRef = D048E3381964A6E500530995 /* Scene.mm */; };
		D048E3751964A6E500530995 /* Scene.mm in Sources */ = {isa = PBXBuildFile; fileRef = D048E3381964A6E500530995 /* Scene.mm */; };
		D048E3761964A6E500530995 /* Sprite.h in Headers */ = {isa = PBXBuildFile; fileRef = D048E3391964A6E500530995 /* Sprite.h */; };
		D048E3771964A6E500530995 /* Sprite.mm in Sources */ = {isa = PBXBuildFile; fileRef = D048E33A1964A6E500530995 /* Sprite.mm */; };
		D048E3781964A6E500530995 /* Sprite.mm in Sources */ = {isa = PBXBuildFile; fileRef = D048E33A1964A6E500530995 /* Sprite.mm */; };
		D048E3791964A6E500530995 /* Touch.h in Headers */ = {isa = PBXBuildFile; fileRef = D048E33B1964A6E500530995 /* Touch.h */; };
		D048E37A1964A6E500530995 /* Touch.mm in Sources */ = {isa = PBXBuildFile; fileRef = D048E33C1964A6E500530995 /* Touch.mm */; };
		D048E37B1964A6E500530995 /* Touch.mm in Sources */ = {isa = PBXBuildFile; fileRef = D048E33C1964A6E500530995 /* Touch.mm */; };
		D048E37C1964A6E500530995 /* Transitions.h in Headers */ = {isa = PBXBuildFile; fileRef = D048E33D1964A6E500530995 /* Transitions.h */; };
		D048E37D1964A6E500530995 /* Transitions.mm in Sources */ = {isa = PBXBuildFile; fileRef = D048E33E1964A6E500530995 /* Transitions.mm */; };
		D048E37E1964A6E500530995 /* Transitions.mm in Sources */ = {isa = PBXBuildFile; fileRef = D048E33E1964A6E500530995 /* Transitions.mm */; };
		D048E37F1964A6E500530995 /* Utilities.h in Headers */ = {isa = PBXBuildFile; fileRef = D048E33F1964A6E500530995 /* Utilities.h */; };
		D048E3801964A6E500530995 /* Utilities.mm in Sources */ = {isa = PBXBuildFile; fileRef = D048E3401964A6E500530995 /* Utilities.mm */; };
		D048E3811964A6E500530995 /* Utilities.mm in Sources */ = {isa = PBXBuildFile; fileRef = D048E3401964A6E500530995 /* Utilities.mm */; };
		D048E3821964A6E500530995 /* Widget.h in Headers */ = {isa = PBXBuildFile; fileRef = D048E3411964A6E500530995 /* Widget.h */; };
		D048E3831964A6E500530995 /* Widget.mm in Sources */ = {isa = PBXBuildFile; fileRef = D048E3421964A6E500530995 /* Widget.mm */; };
		D048E3841964A6E500530995 /* Widget.mm in Sources */ = {isa = PBXBuildFile; fileRef = D048E3421964A6E500530995 /* Widget.mm */; };
/* End PBXBuildFile section */

/* Begin PBXCopyFilesBuildPhase section */
		D048E2F51964A67B00530995 /* CopyFiles */ = {
			isa = PBXCopyFilesBuildPhase;
			buildActionMask = 2147483647;
			dstPath = "include/$(PRODUCT_NAME)";
			dstSubfolderSpec = 16;
			files = (
			);
			runOnlyForDeploymentPostprocessing = 0;
		};
/* End PBXCopyFilesBuildPhase section */

/* Begin PBXFileReference section */
		D03AFCD71964ED2F00A9BF4E /* cocos-Bridge-Contents.h */ = {isa = PBXFileReference; fileEncoding = 4; lastKnownFileType = sourcecode.c.h; name = "cocos-Bridge-Contents.h"; path = "../../cocos-Bridge-Contents.h"; sourceTree = "<group>"; };
		D03AFCD81964ED2F00A9BF4E /* cocos-iOS-Bridging-Header.h */ = {isa = PBXFileReference; fileEncoding = 4; lastKnownFileType = sourcecode.c.h; name = "cocos-iOS-Bridging-Header.h"; path = "../../cocos-iOS-Bridging-Header.h"; sourceTree = "<group>"; };
		D03AFCD91964ED2F00A9BF4E /* cocos-Mac-Bridging-Header.h */ = {isa = PBXFileReference; fileEncoding = 4; lastKnownFileType = sourcecode.c.h; name = "cocos-Mac-Bridging-Header.h"; path = "../../cocos-Mac-Bridging-Header.h"; sourceTree = "<group>"; };
		D03AFCE11964EE6100A9BF4E /* Debug.swift */ = {isa = PBXFileReference; fileEncoding = 4; lastKnownFileType = sourcecode.swift; name = Debug.swift; path = ../../Swift/Debug.swift; sourceTree = "<group>"; };
		D048E2F71964A67B00530995 /* libswift-bindings-iOS.a */ = {isa = PBXFileReference; explicitFileType = archive.ar; includeInIndex = 0; path = "libswift-bindings-iOS.a"; sourceTree = BUILT_PRODUCTS_DIR; };
		D048E3131964A6AF00530995 /* libswift-bindings-Mac.a */ = {isa = PBXFileReference; explicitFileType = archive.ar; includeInIndex = 0; path = "libswift-bindings-Mac.a"; sourceTree = BUILT_PRODUCTS_DIR; };
		D048E3171964A6E500530995 /* Acceleration.h */ = {isa = PBXFileReference; fileEncoding = 4; lastKnownFileType = sourcecode.c.h; name = Acceleration.h; path = ../../../Acceleration.h; sourceTree = "<group>"; };
		D048E3181964A6E500530995 /* Acceleration.mm */ = {isa = PBXFileReference; fileEncoding = 4; lastKnownFileType = sourcecode.cpp.objcpp; name = Acceleration.mm; path = ../../../Acceleration.mm; sourceTree = "<group>"; };
		D048E3191964A6E500530995 /* Action.h */ = {isa = PBXFileReference; fileEncoding = 4; lastKnownFileType = sourcecode.c.h; name = Action.h; path = ../../../Action.h; sourceTree = "<group>"; };
		D048E31A1964A6E500530995 /* Action.mm */ = {isa = PBXFileReference; fileEncoding = 4; lastKnownFileType = sourcecode.cpp.objcpp; name = Action.mm; path = ../../../Action.mm; sourceTree = "<group>"; };
		D048E31B1964A6E500530995 /* ActionInterval.h */ = {isa = PBXFileReference; fileEncoding = 4; lastKnownFileType = sourcecode.c.h; name = ActionInterval.h; path = ../../../ActionInterval.h; sourceTree = "<group>"; };
		D048E31C1964A6E500530995 /* ActionInterval.mm */ = {isa = PBXFileReference; fileEncoding = 4; lastKnownFileType = sourcecode.cpp.objcpp; name = ActionInterval.mm; path = ../../../ActionInterval.mm; sourceTree = "<group>"; };
		D048E31D1964A6E500530995 /* ActionSequence.h */ = {isa = PBXFileReference; fileEncoding = 4; lastKnownFileType = sourcecode.c.h; name = ActionSequence.h; path = ../../../ActionSequence.h; sourceTree = "<group>"; };
		D048E31E1964A6E500530995 /* ActionSequence.mm */ = {isa = PBXFileReference; fileEncoding = 4; lastKnownFileType = sourcecode.cpp.objcpp; name = ActionSequence.mm; path = ../../../ActionSequence.mm; sourceTree = "<group>"; };
		D048E31F1964A6E500530995 /* Console.h */ = {isa = PBXFileReference; fileEncoding = 4; lastKnownFileType = sourcecode.c.h; name = Console.h; path = ../../../Console.h; sourceTree = "<group>"; };
		D048E3201964A6E500530995 /* Console.mm */ = {isa = PBXFileReference; fileEncoding = 4; lastKnownFileType = sourcecode.cpp.objcpp; name = Console.mm; path = ../../../Console.mm; sourceTree = "<group>"; };
		D048E3211964A6E500530995 /* Director.h */ = {isa = PBXFileReference; fileEncoding = 4; lastKnownFileType = sourcecode.c.h; name = Director.h; path = ../../../Director.h; sourceTree = "<group>"; };
		D048E3221964A6E500530995 /* Director.mm */ = {isa = PBXFileReference; fileEncoding = 4; lastKnownFileType = sourcecode.cpp.objcpp; name = Director.mm; path = ../../../Director.mm; sourceTree = "<group>"; };
		D048E3231964A6E500530995 /* Event.h */ = {isa = PBXFileReference; fileEncoding = 4; lastKnownFileType = sourcecode.c.h; name = Event.h; path = ../../../Event.h; sourceTree = "<group>"; };
		D048E3241964A6E500530995 /* Event.mm */ = {isa = PBXFileReference; fileEncoding = 4; lastKnownFileType = sourcecode.cpp.objcpp; name = Event.mm; path = ../../../Event.mm; sourceTree = "<group>"; };
		D048E3251964A6E500530995 /* EventDispatcher.h */ = {isa = PBXFileReference; fileEncoding = 4; lastKnownFileType = sourcecode.c.h; name = EventDispatcher.h; path = ../../../EventDispatcher.h; sourceTree = "<group>"; };
		D048E3261964A6E500530995 /* EventDispatcher.mm */ = {isa = PBXFileReference; fileEncoding = 4; lastKnownFileType = sourcecode.cpp.objcpp; name = EventDispatcher.mm; path = ../../../EventDispatcher.mm; sourceTree = "<group>"; };
		D048E3271964A6E500530995 /* EventListener.h */ = {isa = PBXFileReference; fileEncoding = 4; lastKnownFileType = sourcecode.c.h; name = EventListener.h; path = ../../../EventListener.h; sourceTree = "<group>"; };
		D048E3281964A6E500530995 /* EventListener.mm */ = {isa = PBXFileReference; fileEncoding = 4; lastKnownFileType = sourcecode.cpp.objcpp; name = EventListener.mm; path = ../../../EventListener.mm; sourceTree = "<group>"; };
		D048E3291964A6E500530995 /* EventListenerAcceleration.h */ = {isa = PBXFileReference; fileEncoding = 4; lastKnownFileType = sourcecode.c.h; name = EventListenerAcceleration.h; path = ../../../EventListenerAcceleration.h; sourceTree = "<group>"; };
		D048E32A1964A6E500530995 /* EventListenerAcceleration.mm */ = {isa = PBXFileReference; fileEncoding = 4; lastKnownFileType = sourcecode.cpp.objcpp; name = EventListenerAcceleration.mm; path = ../../../EventListenerAcceleration.mm; sourceTree = "<group>"; };
		D048E32B1964A6E500530995 /* EventListenerKeyboard.h */ = {isa = PBXFileReference; fileEncoding = 4; lastKnownFileType = sourcecode.c.h; name = EventListenerKeyboard.h; path = ../../../EventListenerKeyboard.h; sourceTree = "<group>"; };
		D048E32C1964A6E500530995 /* EventListenerKeyboard.mm */ = {isa = PBXFileReference; fileEncoding = 4; lastKnownFileType = sourcecode.cpp.objcpp; name = EventListenerKeyboard.mm; path = ../../../EventListenerKeyboard.mm; sourceTree = "<group>"; };
		D048E32D1964A6E500530995 /* EventListenerTouch.h */ = {isa = PBXFileReference; fileEncoding = 4; lastKnownFileType = sourcecode.c.h; name = EventListenerTouch.h; path = ../../../EventListenerTouch.h; sourceTree = "<group>"; };
		D048E32E1964A6E500530995 /* EventListenerTouch.mm */ = {isa = PBXFileReference; fileEncoding = 4; lastKnownFileType = sourcecode.cpp.objcpp; name = EventListenerTouch.mm; path = ../../../EventListenerTouch.mm; sourceTree = "<group>"; };
		D048E32F1964A6E500530995 /* Label.h */ = {isa = PBXFileReference; fileEncoding = 4; lastKnownFileType = sourcecode.c.h; name = Label.h; path = ../../../Label.h; sourceTree = "<group>"; };
		D048E3301964A6E500530995 /* Label.mm */ = {isa = PBXFileReference; fileEncoding = 4; lastKnownFileType = sourcecode.cpp.objcpp; name = Label.mm; path = ../../../Label.mm; sourceTree = "<group>"; };
		D048E3311964A6E500530995 /* Layer.h */ = {isa = PBXFileReference; fileEncoding = 4; lastKnownFileType = sourcecode.c.h; name = Layer.h; path = ../../../Layer.h; sourceTree = "<group>"; };
		D048E3321964A6E500530995 /* Layer.mm */ = {isa = PBXFileReference; fileEncoding = 4; lastKnownFileType = sourcecode.cpp.objcpp; name = Layer.mm; path = ../../../Layer.mm; sourceTree = "<group>"; };
		D048E3331964A6E500530995 /* Node.h */ = {isa = PBXFileReference; fileEncoding = 4; lastKnownFileType = sourcecode.c.h; name = Node.h; path = ../../../Node.h; sourceTree = "<group>"; };
		D048E3341964A6E500530995 /* Node.mm */ = {isa = PBXFileReference; fileEncoding = 4; lastKnownFileType = sourcecode.cpp.objcpp; name = Node.mm; path = ../../../Node.mm; sourceTree = "<group>"; };
		D048E3351964A6E500530995 /* Ref.h */ = {isa = PBXFileReference; fileEncoding = 4; lastKnownFileType = sourcecode.c.h; name = Ref.h; path = ../../../Ref.h; sourceTree = "<group>"; };
		D048E3361964A6E500530995 /* Ref.mm */ = {isa = PBXFileReference; fileEncoding = 4; lastKnownFileType = sourcecode.cpp.objcpp; name = Ref.mm; path = ../../../Ref.mm; sourceTree = "<group>"; };
		D048E3371964A6E500530995 /* Scene.h */ = {isa = PBXFileReference; fileEncoding = 4; lastKnownFileType = sourcecode.c.h; name = Scene.h; path = ../../../Scene.h; sourceTree = "<group>"; };
		D048E3381964A6E500530995 /* Scene.mm */ = {isa = PBXFileReference; fileEncoding = 4; lastKnownFileType = sourcecode.cpp.objcpp; name = Scene.mm; path = ../../../Scene.mm; sourceTree = "<group>"; };
		D048E3391964A6E500530995 /* Sprite.h */ = {isa = PBXFileReference; fileEncoding = 4; lastKnownFileType = sourcecode.c.h; name = Sprite.h; path = ../../../Sprite.h; sourceTree = "<group>"; };
		D048E33A1964A6E500530995 /* Sprite.mm */ = {isa = PBXFileReference; fileEncoding = 4; lastKnownFileType = sourcecode.cpp.objcpp; name = Sprite.mm; path = ../../../Sprite.mm; sourceTree = "<group>"; };
		D048E33B1964A6E500530995 /* Touch.h */ = {isa = PBXFileReference; fileEncoding = 4; lastKnownFileType = sourcecode.c.h; name = Touch.h; path = ../../../Touch.h; sourceTree = "<group>"; };
		D048E33C1964A6E500530995 /* Touch.mm */ = {isa = PBXFileReference; fileEncoding = 4; lastKnownFileType = sourcecode.cpp.objcpp; name = Touch.mm; path = ../../../Touch.mm; sourceTree = "<group>"; };
		D048E33D1964A6E500530995 /* Transitions.h */ = {isa = PBXFileReference; fileEncoding = 4; lastKnownFileType = sourcecode.c.h; name = Transitions.h; path = ../../../Transitions.h; sourceTree = "<group>"; };
		D048E33E1964A6E500530995 /* Transitions.mm */ = {isa = PBXFileReference; fileEncoding = 4; lastKnownFileType = sourcecode.cpp.objcpp; name = Transitions.mm; path = ../../../Transitions.mm; sourceTree = "<group>"; };
		D048E33F1964A6E500530995 /* Utilities.h */ = {isa = PBXFileReference; fileEncoding = 4; lastKnownFileType = sourcecode.c.h; name = Utilities.h; path = ../../../Utilities.h; sourceTree = "<group>"; };
		D048E3401964A6E500530995 /* Utilities.mm */ = {isa = PBXFileReference; fileEncoding = 4; lastKnownFileType = sourcecode.cpp.objcpp; name = Utilities.mm; path = ../../../Utilities.mm; sourceTree = "<group>"; };
		D048E3411964A6E500530995 /* Widget.h */ = {isa = PBXFileReference; fileEncoding = 4; lastKnownFileType = sourcecode.c.h; name = Widget.h; path = ../../../Widget.h; sourceTree = "<group>"; };
		D048E3421964A6E500530995 /* Widget.mm */ = {isa = PBXFileReference; fileEncoding = 4; lastKnownFileType = sourcecode.cpp.objcpp; name = Widget.mm; path = ../../../Widget.mm; sourceTree = "<group>"; };
/* End PBXFileReference section */

/* Begin PBXFrameworksBuildPhase section */
		D048E2F41964A67B00530995 /* Frameworks */ = {
			isa = PBXFrameworksBuildPhase;
			buildActionMask = 2147483647;
			files = (
			);
			runOnlyForDeploymentPostprocessing = 0;
		};
		D048E3101964A6AF00530995 /* Frameworks */ = {
			isa = PBXFrameworksBuildPhase;
			buildActionMask = 2147483647;
			files = (
			);
			runOnlyForDeploymentPostprocessing = 0;
		};
/* End PBXFrameworksBuildPhase section */

/* Begin PBXGroup section */
		D03AFCD61964ED1700A9BF4E /* Bridging Headers */ = {
			isa = PBXGroup;
			children = (
				D03AFCD71964ED2F00A9BF4E /* cocos-Bridge-Contents.h */,
				D03AFCD81964ED2F00A9BF4E /* cocos-iOS-Bridging-Header.h */,
				D03AFCD91964ED2F00A9BF4E /* cocos-Mac-Bridging-Header.h */,
			);
			name = "Bridging Headers";
			sourceTree = "<group>";
		};
		D03AFCE01964EE4900A9BF4E /* Swift */ = {
			isa = PBXGroup;
			children = (
				D03AFCE11964EE6100A9BF4E /* Debug.swift */,
			);
			name = Swift;
			sourceTree = "<group>";
		};
		D048E2EC1964A64F00530995 = {
			isa = PBXGroup;
			children = (
				D048E2F91964A67B00530995 /* Bindings */,
				D03AFCD61964ED1700A9BF4E /* Bridging Headers */,
				D048E2F81964A67B00530995 /* Products */,
				D03AFCE01964EE4900A9BF4E /* Swift */,
			);
			sourceTree = "<group>";
		};
		D048E2F81964A67B00530995 /* Products */ = {
			isa = PBXGroup;
			children = (
				D048E2F71964A67B00530995 /* libswift-bindings-iOS.a */,
				D048E3131964A6AF00530995 /* libswift-bindings-Mac.a */,
			);
			name = Products;
			sourceTree = "<group>";
		};
		D048E2F91964A67B00530995 /* Bindings */ = {
			isa = PBXGroup;
			children = (
				D048E3171964A6E500530995 /* Acceleration.h */,
				D048E3181964A6E500530995 /* Acceleration.mm */,
				D048E3191964A6E500530995 /* Action.h */,
				D048E31A1964A6E500530995 /* Action.mm */,
				D048E31B1964A6E500530995 /* ActionInterval.h */,
				D048E31C1964A6E500530995 /* ActionInterval.mm */,
				D048E31D1964A6E500530995 /* ActionSequence.h */,
				D048E31E1964A6E500530995 /* ActionSequence.mm */,
				D048E31F1964A6E500530995 /* Console.h */,
				D048E3201964A6E500530995 /* Console.mm */,
				D048E3211964A6E500530995 /* Director.h */,
				D048E3221964A6E500530995 /* Director.mm */,
				D048E3231964A6E500530995 /* Event.h */,
				D048E3241964A6E500530995 /* Event.mm */,
				D048E3251964A6E500530995 /* EventDispatcher.h */,
				D048E3261964A6E500530995 /* EventDispatcher.mm */,
				D048E3271964A6E500530995 /* EventListener.h */,
				D048E3281964A6E500530995 /* EventListener.mm */,
				D048E3291964A6E500530995 /* EventListenerAcceleration.h */,
				D048E32A1964A6E500530995 /* EventListenerAcceleration.mm */,
				D048E32B1964A6E500530995 /* EventListenerKeyboard.h */,
				D048E32C1964A6E500530995 /* EventListenerKeyboard.mm */,
				D048E32D1964A6E500530995 /* EventListenerTouch.h */,
				D048E32E1964A6E500530995 /* EventListenerTouch.mm */,
				D048E32F1964A6E500530995 /* Label.h */,
				D048E3301964A6E500530995 /* Label.mm */,
				D048E3311964A6E500530995 /* Layer.h */,
				D048E3321964A6E500530995 /* Layer.mm */,
				D048E3331964A6E500530995 /* Node.h */,
				D048E3341964A6E500530995 /* Node.mm */,
				D048E3351964A6E500530995 /* Ref.h */,
				D048E3361964A6E500530995 /* Ref.mm */,
				D048E3371964A6E500530995 /* Scene.h */,
				D048E3381964A6E500530995 /* Scene.mm */,
				D048E3391964A6E500530995 /* Sprite.h */,
				D048E33A1964A6E500530995 /* Sprite.mm */,
				D048E33B1964A6E500530995 /* Touch.h */,
				D048E33C1964A6E500530995 /* Touch.mm */,
				D048E33D1964A6E500530995 /* Transitions.h */,
				D048E33E1964A6E500530995 /* Transitions.mm */,
				D048E33F1964A6E500530995 /* Utilities.h */,
				D048E3401964A6E500530995 /* Utilities.mm */,
				D048E3411964A6E500530995 /* Widget.h */,
				D048E3421964A6E500530995 /* Widget.mm */,
			);
			name = Bindings;
			path = iOS;
			sourceTree = "<group>";
		};
/* End PBXGroup section */

/* Begin PBXHeadersBuildPhase section */
		D048E3111964A6AF00530995 /* Headers */ = {
			isa = PBXHeadersBuildPhase;
			buildActionMask = 2147483647;
			files = (
				D048E3581964A6E500530995 /* EventDispatcher.h in Headers */,
				D03AFCDB1964ED2F00A9BF4E /* cocos-iOS-Bridging-Header.h in Headers */,
				D03AFCDC1964ED2F00A9BF4E /* cocos-Mac-Bridging-Header.h in Headers */,
				D048E3761964A6E500530995 /* Sprite.h in Headers */,
				D048E3671964A6E500530995 /* Label.h in Headers */,
				D048E36A1964A6E500530995 /* Layer.h in Headers */,
				D048E35E1964A6E500530995 /* EventListenerAcceleration.h in Headers */,
				D048E3791964A6E500530995 /* Touch.h in Headers */,
				D048E3521964A6E500530995 /* Director.h in Headers */,
				D048E34F1964A6E500530995 /* Console.h in Headers */,
				D048E3461964A6E500530995 /* Action.h in Headers */,
				D048E34C1964A6E500530995 /* ActionSequence.h in Headers */,
				D048E3701964A6E500530995 /* Ref.h in Headers */,
				D048E3731964A6E500530995 /* Scene.h in Headers */,
				D048E3821964A6E500530995 /* Widget.h in Headers */,
				D048E3431964A6E500530995 /* Acceleration.h in Headers */,
				D048E37C1964A6E500530995 /* Transitions.h in Headers */,
				D048E35B1964A6E500530995 /* EventListener.h in Headers */,
				D048E37F1964A6E500530995 /* Utilities.h in Headers */,
				D048E36D1964A6E500530995 /* Node.h in Headers */,
				D048E3551964A6E500530995 /* Event.h in Headers */,
				D048E3641964A6E500530995 /* EventListenerTouch.h in Headers */,
				D048E3611964A6E500530995 /* EventListenerKeyboard.h in Headers */,
				D048E3491964A6E500530995 /* ActionInterval.h in Headers */,
				D03AFCDA1964ED2F00A9BF4E /* cocos-Bridge-Contents.h in Headers */,
			);
			runOnlyForDeploymentPostprocessing = 0;
		};
/* End PBXHeadersBuildPhase section */

/* Begin PBXNativeTarget section */
		D048E2F61964A67B00530995 /* swift-bindings-iOS */ = {
			isa = PBXNativeTarget;
			buildConfigurationList = D048E30D1964A67B00530995 /* Build configuration list for PBXNativeTarget "swift-bindings-iOS" */;
			buildPhases = (
				D048E2F31964A67B00530995 /* Sources */,
				D048E2F41964A67B00530995 /* Frameworks */,
				D048E2F51964A67B00530995 /* CopyFiles */,
			);
			buildRules = (
			);
			dependencies = (
			);
			name = "swift-bindings-iOS";
			productName = iOS;
			productReference = D048E2F71964A67B00530995 /* libswift-bindings-iOS.a */;
			productType = "com.apple.product-type.library.static";
		};
		D048E3121964A6AF00530995 /* swift-bindings-Mac */ = {
			isa = PBXNativeTarget;
			buildConfigurationList = D048E3141964A6AF00530995 /* Build configuration list for PBXNativeTarget "swift-bindings-Mac" */;
			buildPhases = (
				D048E30F1964A6AF00530995 /* Sources */,
				D048E3101964A6AF00530995 /* Frameworks */,
				D048E3111964A6AF00530995 /* Headers */,
			);
			buildRules = (
			);
			dependencies = (
			);
			name = "swift-bindings-Mac";
			productName = Mac;
			productReference = D048E3131964A6AF00530995 /* libswift-bindings-Mac.a */;
			productType = "com.apple.product-type.library.static";
		};
/* End PBXNativeTarget section */

/* Begin PBXProject section */
		D048E2ED1964A64F00530995 /* Project object */ = {
			isa = PBXProject;
			attributes = {
				LastUpgradeCheck = 0600;
				TargetAttributes = {
					D048E2F61964A67B00530995 = {
						CreatedOnToolsVersion = 6.0;
					};
					D048E3121964A6AF00530995 = {
						CreatedOnToolsVersion = 6.0;
					};
				};
			};
			buildConfigurationList = D048E2F01964A64F00530995 /* Build configuration list for PBXProject "cocos2d-x-swift-bindings" */;
			compatibilityVersion = "Xcode 3.2";
			developmentRegion = English;
			hasScannedForEncodings = 0;
			knownRegions = (
				en,
			);
			mainGroup = D048E2EC1964A64F00530995;
			productRefGroup = D048E2F81964A67B00530995 /* Products */;
			projectDirPath = "";
			projectRoot = "";
			targets = (
				D048E2F61964A67B00530995 /* swift-bindings-iOS */,
				D048E3121964A6AF00530995 /* swift-bindings-Mac */,
			);
		};
/* End PBXProject section */

/* Begin PBXSourcesBuildPhase section */
		D048E2F31964A67B00530995 /* Sources */ = {
			isa = PBXSourcesBuildPhase;
			buildActionMask = 2147483647;
			files = (
				D048E3561964A6E500530995 /* Event.mm in Sources */,
				D048E37A1964A6E500530995 /* Touch.mm in Sources */,
				D048E3741964A6E500530995 /* Scene.mm in Sources */,
				D048E3831964A6E500530995 /* Widget.mm in Sources */,
				D048E3621964A6E500530995 /* EventListenerKeyboard.mm in Sources */,
				D048E34D1964A6E500530995 /* ActionSequence.mm in Sources */,
				D048E36B1964A6E500530995 /* Layer.mm in Sources */,
				D048E34A1964A6E500530995 /* ActionInterval.mm in Sources */,
				D03AFCE21964EE6100A9BF4E /* Debug.swift in Sources */,
				D048E3681964A6E500530995 /* Label.mm in Sources */,
				D048E3651964A6E500530995 /* EventListenerTouch.mm in Sources */,
				D048E3771964A6E500530995 /* Sprite.mm in Sources */,
				D048E3591964A6E500530995 /* EventDispatcher.mm in Sources */,
				D048E3441964A6E500530995 /* Acceleration.mm in Sources */,
				D048E35C1964A6E500530995 /* EventListener.mm in Sources */,
				D048E3531964A6E500530995 /* Director.mm in Sources */,
				D048E3711964A6E500530995 /* Ref.mm in Sources */,
				D048E3501964A6E500530995 /* Console.mm in Sources */,
				D048E37D1964A6E500530995 /* Transitions.mm in Sources */,
				D048E3801964A6E500530995 /* Utilities.mm in Sources */,
				D048E36E1964A6E500530995 /* Node.mm in Sources */,
				D048E35F1964A6E500530995 /* EventListenerAcceleration.mm in Sources */,
				D048E3471964A6E500530995 /* Action.mm in Sources */,
			);
			runOnlyForDeploymentPostprocessing = 0;
		};
		D048E30F1964A6AF00530995 /* Sources */ = {
			isa = PBXSourcesBuildPhase;
			buildActionMask = 2147483647;
			files = (
				D048E3571964A6E500530995 /* Event.mm in Sources */,
				D048E37B1964A6E500530995 /* Touch.mm in Sources */,
				D048E3751964A6E500530995 /* Scene.mm in Sources */,
				D048E3841964A6E500530995 /* Widget.mm in Sources */,
				D048E3631964A6E500530995 /* EventListenerKeyboard.mm in Sources */,
				D048E34E1964A6E500530995 /* ActionSequence.mm in Sources */,
				D048E36C1964A6E500530995 /* Layer.mm in Sources */,
				D048E34B1964A6E500530995 /* ActionInterval.mm in Sources */,
				D03AFCE31964EE6100A9BF4E /* Debug.swift in Sources */,
				D048E3691964A6E500530995 /* Label.mm in Sources */,
				D048E3661964A6E500530995 /* EventListenerTouch.mm in Sources */,
				D048E3781964A6E500530995 /* Sprite.mm in Sources */,
				D048E35A1964A6E500530995 /* EventDispatcher.mm in Sources */,
				D048E3451964A6E500530995 /* Acceleration.mm in Sources */,
				D048E35D1964A6E500530995 /* EventListener.mm in Sources */,
				D048E3541964A6E500530995 /* Director.mm in Sources */,
				D048E3721964A6E500530995 /* Ref.mm in Sources */,
				D048E3511964A6E500530995 /* Console.mm in Sources */,
				D048E37E1964A6E500530995 /* Transitions.mm in Sources */,
				D048E3811964A6E500530995 /* Utilities.mm in Sources */,
				D048E36F1964A6E500530995 /* Node.mm in Sources */,
				D048E3601964A6E500530995 /* EventListenerAcceleration.mm in Sources */,
				D048E3481964A6E500530995 /* Action.mm in Sources */,
			);
			runOnlyForDeploymentPostprocessing = 0;
		};
/* End PBXSourcesBuildPhase section */

/* Begin XCBuildConfiguration section */
		D048E2F11964A64F00530995 /* Debug */ = {
			isa = XCBuildConfiguration;
			buildSettings = {
			};
			name = Debug;
		};
		D048E2F21964A64F00530995 /* Release */ = {
			isa = XCBuildConfiguration;
			buildSettings = {
			};
			name = Release;
		};
		D048E3091964A67B00530995 /* Debug */ = {
			isa = XCBuildConfiguration;
			buildSettings = {
				ALWAYS_SEARCH_USER_PATHS = NO;
				CLANG_CXX_LANGUAGE_STANDARD = "gnu++0x";
				CLANG_CXX_LIBRARY = "libc++";
				CLANG_ENABLE_MODULES = YES;
				CLANG_ENABLE_OBJC_ARC = YES;
				CLANG_WARN_BOOL_CONVERSION = YES;
				CLANG_WARN_CONSTANT_CONVERSION = YES;
				CLANG_WARN_DIRECT_OBJC_ISA_USAGE = YES_ERROR;
				CLANG_WARN_EMPTY_BODY = YES;
				CLANG_WARN_ENUM_CONVERSION = YES;
				CLANG_WARN_INT_CONVERSION = YES;
				CLANG_WARN_OBJC_ROOT_CLASS = YES_ERROR;
				CLANG_WARN_UNREACHABLE_CODE = YES;
				CLANG_WARN__DUPLICATE_METHOD_MATCH = YES;
				COPY_PHASE_STRIP = NO;
				ENABLE_STRICT_OBJC_MSGSEND = YES;
				GCC_C_LANGUAGE_STANDARD = gnu99;
				GCC_DYNAMIC_NO_PIC = NO;
				GCC_OPTIMIZATION_LEVEL = 0;
				GCC_PREPROCESSOR_DEFINITIONS = (
					"DEBUG=1",
					"$(inherited)",
				);
				GCC_SYMBOLS_PRIVATE_EXTERN = NO;
				GCC_WARN_64_TO_32_BIT_CONVERSION = YES;
				GCC_WARN_ABOUT_RETURN_TYPE = YES_ERROR;
				GCC_WARN_UNDECLARED_SELECTOR = YES;
				GCC_WARN_UNINITIALIZED_AUTOS = YES_AGGRESSIVE;
				GCC_WARN_UNUSED_FUNCTION = YES;
				GCC_WARN_UNUSED_VARIABLE = YES;
				IPHONEOS_DEPLOYMENT_TARGET = 8.0;
				METAL_ENABLE_DEBUG_INFO = YES;
				ONLY_ACTIVE_ARCH = YES;
				OTHER_LDFLAGS = "-ObjC";
				PRODUCT_NAME = "$(TARGET_NAME)";
				SDKROOT = iphoneos;
				SKIP_INSTALL = YES;
			};
			name = Debug;
		};
		D048E30A1964A67B00530995 /* Release */ = {
			isa = XCBuildConfiguration;
			buildSettings = {
				ALWAYS_SEARCH_USER_PATHS = NO;
				CLANG_CXX_LANGUAGE_STANDARD = "gnu++0x";
				CLANG_CXX_LIBRARY = "libc++";
				CLANG_ENABLE_MODULES = YES;
				CLANG_ENABLE_OBJC_ARC = YES;
				CLANG_WARN_BOOL_CONVERSION = YES;
				CLANG_WARN_CONSTANT_CONVERSION = YES;
				CLANG_WARN_DIRECT_OBJC_ISA_USAGE = YES_ERROR;
				CLANG_WARN_EMPTY_BODY = YES;
				CLANG_WARN_ENUM_CONVERSION = YES;
				CLANG_WARN_INT_CONVERSION = YES;
				CLANG_WARN_OBJC_ROOT_CLASS = YES_ERROR;
				CLANG_WARN_UNREACHABLE_CODE = YES;
				CLANG_WARN__DUPLICATE_METHOD_MATCH = YES;
				COPY_PHASE_STRIP = YES;
				ENABLE_NS_ASSERTIONS = NO;
				ENABLE_STRICT_OBJC_MSGSEND = YES;
				GCC_C_LANGUAGE_STANDARD = gnu99;
				GCC_WARN_64_TO_32_BIT_CONVERSION = YES;
				GCC_WARN_ABOUT_RETURN_TYPE = YES_ERROR;
				GCC_WARN_UNDECLARED_SELECTOR = YES;
				GCC_WARN_UNINITIALIZED_AUTOS = YES_AGGRESSIVE;
				GCC_WARN_UNUSED_FUNCTION = YES;
				GCC_WARN_UNUSED_VARIABLE = YES;
				IPHONEOS_DEPLOYMENT_TARGET = 8.0;
				METAL_ENABLE_DEBUG_INFO = NO;
				OTHER_LDFLAGS = "-ObjC";
				PRODUCT_NAME = "$(TARGET_NAME)";
				SDKROOT = iphoneos;
				SKIP_INSTALL = YES;
				VALIDATE_PRODUCT = YES;
			};
			name = Release;
		};
		D048E3151964A6AF00530995 /* Debug */ = {
			isa = XCBuildConfiguration;
			buildSettings = {
				ALWAYS_SEARCH_USER_PATHS = NO;
				CLANG_CXX_LANGUAGE_STANDARD = "gnu++0x";
				CLANG_CXX_LIBRARY = "libc++";
				CLANG_ENABLE_MODULES = YES;
				CLANG_ENABLE_OBJC_ARC = YES;
				CLANG_WARN_BOOL_CONVERSION = YES;
				CLANG_WARN_CONSTANT_CONVERSION = YES;
				CLANG_WARN_DIRECT_OBJC_ISA_USAGE = YES_ERROR;
				CLANG_WARN_EMPTY_BODY = YES;
				CLANG_WARN_ENUM_CONVERSION = YES;
				CLANG_WARN_INT_CONVERSION = YES;
				CLANG_WARN_OBJC_ROOT_CLASS = YES_ERROR;
				CLANG_WARN_UNREACHABLE_CODE = YES;
				CLANG_WARN__DUPLICATE_METHOD_MATCH = YES;
				COPY_PHASE_STRIP = NO;
				ENABLE_STRICT_OBJC_MSGSEND = YES;
				EXECUTABLE_PREFIX = lib;
				GCC_C_LANGUAGE_STANDARD = gnu99;
				GCC_DYNAMIC_NO_PIC = NO;
				GCC_OPTIMIZATION_LEVEL = 0;
				GCC_PREPROCESSOR_DEFINITIONS = (
					"DEBUG=1",
					"$(inherited)",
				);
				GCC_SYMBOLS_PRIVATE_EXTERN = NO;
				GCC_WARN_64_TO_32_BIT_CONVERSION = YES;
				GCC_WARN_ABOUT_RETURN_TYPE = YES_ERROR;
				GCC_WARN_UNDECLARED_SELECTOR = YES;
				GCC_WARN_UNINITIALIZED_AUTOS = YES_AGGRESSIVE;
				GCC_WARN_UNUSED_FUNCTION = YES;
				GCC_WARN_UNUSED_VARIABLE = YES;
				MACOSX_DEPLOYMENT_TARGET = 10.10;
				METAL_ENABLE_DEBUG_INFO = YES;
				ONLY_ACTIVE_ARCH = YES;
				PRODUCT_NAME = "$(TARGET_NAME)";
				SDKROOT = macosx;
			};
			name = Debug;
		};
		D048E3161964A6AF00530995 /* Release */ = {
			isa = XCBuildConfiguration;
			buildSettings = {
				ALWAYS_SEARCH_USER_PATHS = NO;
				CLANG_CXX_LANGUAGE_STANDARD = "gnu++0x";
				CLANG_CXX_LIBRARY = "libc++";
				CLANG_ENABLE_MODULES = YES;
				CLANG_ENABLE_OBJC_ARC = YES;
				CLANG_WARN_BOOL_CONVERSION = YES;
				CLANG_WARN_CONSTANT_CONVERSION = YES;
				CLANG_WARN_DIRECT_OBJC_ISA_USAGE = YES_ERROR;
				CLANG_WARN_EMPTY_BODY = YES;
				CLANG_WARN_ENUM_CONVERSION = YES;
				CLANG_WARN_INT_CONVERSION = YES;
				CLANG_WARN_OBJC_ROOT_CLASS = YES_ERROR;
				CLANG_WARN_UNREACHABLE_CODE = YES;
				CLANG_WARN__DUPLICATE_METHOD_MATCH = YES;
				COPY_PHASE_STRIP = YES;
				DEBUG_INFORMATION_FORMAT = "dwarf-with-dsym";
				ENABLE_NS_ASSERTIONS = NO;
				ENABLE_STRICT_OBJC_MSGSEND = YES;
				EXECUTABLE_PREFIX = lib;
				GCC_C_LANGUAGE_STANDARD = gnu99;
				GCC_WARN_64_TO_32_BIT_CONVERSION = YES;
				GCC_WARN_ABOUT_RETURN_TYPE = YES_ERROR;
				GCC_WARN_UNDECLARED_SELECTOR = YES;
				GCC_WARN_UNINITIALIZED_AUTOS = YES_AGGRESSIVE;
				GCC_WARN_UNUSED_FUNCTION = YES;
				GCC_WARN_UNUSED_VARIABLE = YES;
				MACOSX_DEPLOYMENT_TARGET = 10.10;
				METAL_ENABLE_DEBUG_INFO = NO;
				PRODUCT_NAME = "$(TARGET_NAME)";
				SDKROOT = macosx;
			};
			name = Release;
		};
/* End XCBuildConfiguration section */

/* Begin XCConfigurationList section */
		D048E2F01964A64F00530995 /* Build configuration list for PBXProject "cocos2d-x-swift-bindings" */ = {
			isa = XCConfigurationList;
			buildConfigurations = (
				D048E2F11964A64F00530995 /* Debug */,
				D048E2F21964A64F00530995 /* Release */,
			);
			defaultConfigurationIsVisible = 0;
			defaultConfigurationName = Release;
		};
		D048E30D1964A67B00530995 /* Build configuration list for PBXNativeTarget "swift-bindings-iOS" */ = {
			isa = XCConfigurationList;
			buildConfigurations = (
				D048E3091964A67B00530995 /* Debug */,
				D048E30A1964A67B00530995 /* Release */,
			);
			defaultConfigurationIsVisible = 0;
			defaultConfigurationName = Release;
		};
		D048E3141964A6AF00530995 /* Build configuration list for PBXNativeTarget "swift-bindings-Mac" */ = {
			isa = XCConfigurationList;
			buildConfigurations = (
				D048E3151964A6AF00530995 /* Debug */,
				D048E3161964A6AF00530995 /* Release */,
			);
			defaultConfigurationIsVisible = 0;
			defaultConfigurationName = Release;
		};
/* End XCConfigurationList section */
	};
	rootObject = D048E2ED1964A64F00530995 /* Project object */;
}
